
Microsoft Visual Studio Solution File, Format Version 12.00
# Visual Studio Version 16
VisualStudioVersion = 16.0.30114.105
MinimumVisualStudioVersion = 10.0.40219.1
Project("{FAE04EC0-301F-11D3-BF4B-00C04F79EFBC}") = "NETSQLParser", "NETSQLParser\NETSQLParser.csproj", "{78877001-785E-4FAE-84F0-49A5BEBDBFDE}"
EndProject
Project("{FAE04EC0-301F-11D3-BF4B-00C04F79EFBC}") = "NETSQLParser.Tests", "NETSQLParser.Tests\NETSQLParser.Tests.csproj", "{5BD2EC8D-97F2-483D-BE8B-D93104D9FB1B}"
EndProject
Global
	GlobalSection(SolutionConfigurationPlatforms) = preSolution
		Debug|Any CPU = Debug|Any CPU
		Debug|x64 = Debug|x64
		Debug|x86 = Debug|x86
		Release|Any CPU = Release|Any CPU
		Release|x64 = Release|x64
		Release|x86 = Release|x86
	EndGlobalSection
	GlobalSection(SolutionProperties) = preSolution
		HideSolutionNode = FALSE
	EndGlobalSection
	GlobalSection(ProjectConfigurationPlatforms) = postSolution
		{78877001-785E-4FAE-84F0-49A5BEBDBFDE}.Debug|Any CPU.ActiveCfg = Debug|Any CPU
		{78877001-785E-4FAE-84F0-49A5BEBDBFDE}.Debug|Any CPU.Build.0 = Debug|Any CPU
		{78877001-785E-4FAE-84F0-49A5BEBDBFDE}.Debug|x64.ActiveCfg = Debug|Any CPU
		{78877001-785E-4FAE-84F0-49A5BEBDBFDE}.Debug|x64.Build.0 = Debug|Any CPU
		{78877001-785E-4FAE-84F0-49A5BEBDBFDE}.Debug|x86.ActiveCfg = Debug|Any CPU
		{78877001-785E-4FAE-84F0-49A5BEBDBFDE}.Debug|x86.Build.0 = Debug|Any CPU
		{78877001-785E-4FAE-84F0-49A5BEBDBFDE}.Release|Any CPU.ActiveCfg = Release|Any CPU
		{78877001-785E-4FAE-84F0-49A5BEBDBFDE}.Release|Any CPU.Build.0 = Release|Any CPU
		{78877001-785E-4FAE-84F0-49A5BEBDBFDE}.Release|x64.ActiveCfg = Release|Any CPU
		{78877001-785E-4FAE-84F0-49A5BEBDBFDE}.Release|x64.Build.0 = Release|Any CPU
		{78877001-785E-4FAE-84F0-49A5BEBDBFDE}.Release|x86.ActiveCfg = Release|Any CPU
		{78877001-785E-4FAE-84F0-49A5BEBDBFDE}.Release|x86.Build.0 = Release|Any CPU
		{5BD2EC8D-97F2-483D-BE8B-D93104D9FB1B}.Debug|Any CPU.ActiveCfg = Debug|Any CPU
		{5BD2EC8D-97F2-483D-BE8B-D93104D9FB1B}.Debug|Any CPU.Build.0 = Debug|Any CPU
		{5BD2EC8D-97F2-483D-BE8B-D93104D9FB1B}.Debug|x64.ActiveCfg = Debug|Any CPU
		{5BD2EC8D-97F2-483D-BE8B-D93104D9FB1B}.Debug|x64.Build.0 = Debug|Any CPU
		{5BD2EC8D-97F2-483D-BE8B-D93104D9FB1B}.Debug|x86.ActiveCfg = Debug|Any CPU
		{5BD2EC8D-97F2-483D-BE8B-D93104D9FB1B}.Debug|x86.Build.0 = Debug|Any CPU
		{5BD2EC8D-97F2-483D-BE8B-D93104D9FB1B}.Release|Any CPU.ActiveCfg = Release|Any CPU
		{5BD2EC8D-97F2-483D-BE8B-D93104D9FB1B}.Release|Any CPU.Build.0 = Release|Any CPU
		{5BD2EC8D-97F2-483D-BE8B-D93104D9FB1B}.Release|x64.ActiveCfg = Release|Any CPU
		{5BD2EC8D-97F2-483D-BE8B-D93104D9FB1B}.Release|x64.Build.0 = Release|Any CPU
		{5BD2EC8D-97F2-483D-BE8B-D93104D9FB1B}.Release|x86.ActiveCfg = Release|Any CPU
		{5BD2EC8D-97F2-483D-BE8B-D93104D9FB1B}.Release|x86.Build.0 = Release|Any CPU
	EndGlobalSection
EndGlobal
